
Microsoft Visual Studio Solution File, Format Version 12.00
# Visual Studio Version 17
VisualStudioVersion = 17.5.002.0
MinimumVisualStudioVersion = 10.0.40219.1
Project("{2150E333-8FDC-42A3-9474-1A3956D46DE8}") = "Traduction", "Traduction", "{EB9E01AA-E86B-4263-BC08-DF96FDC8480E}"
EndProject
Project("{9A19103F-16F7-4668-BE54-9A1E7A4F7556}") = "Vocale", "Traduction\Vocale\Vocale.csproj", "{B2541E54-4560-4A46-B8A6-233FF5C1A5A6}"
EndProject
Global
	GlobalSection(SolutionConfigurationPlatforms) = preSolution
		Debug|Any CPU = Debug|Any CPU
		Release|Any CPU = Release|Any CPU
	EndGlobalSection
	GlobalSection(ProjectConfigurationPlatforms) = postSolution
		{B2541E54-4560-4A46-B8A6-233FF5C1A5A6}.Debug|Any CPU.ActiveCfg = Debug|Any CPU
		{B2541E54-4560-4A46-B8A6-233FF5C1A5A6}.Debug|Any CPU.Build.0 = Debug|Any CPU
		{B2541E54-4560-4A46-B8A6-233FF5C1A5A6}.Release|Any CPU.ActiveCfg = Release|Any CPU
		{B2541E54-4560-4A46-B8A6-233FF5C1A5A6}.Release|Any CPU.Build.0 = Release|Any CPU
	EndGlobalSection
	GlobalSection(SolutionProperties) = preSolution
		HideSolutionNode = FALSE
	EndGlobalSection
	GlobalSection(NestedProjects) = preSolution
		{B2541E54-4560-4A46-B8A6-233FF5C1A5A6} = {EB9E01AA-E86B-4263-BC08-DF96FDC8480E}
	EndGlobalSection
	GlobalSection(ExtensibilityGlobals) = postSolution
		SolutionGuid = {DF908864-F1A6-4EF0-813F-1EF513FE652D}
	EndGlobalSection
EndGlobal
